
Microsoft Visual Studio Solution File, Format Version 12.00
# Visual Studio Version 16
VisualStudioVersion = 16.0.33529.622
MinimumVisualStudioVersion = 10.0.40219.1
Project("{FAE04EC0-301F-11D3-BF4B-00C04F79EFBC}") = "TALaba7", "TALaba7\TALaba7.csproj", "{5A6A6EC3-BDE3-46A4-8A2A-6F8EEA6A2353}"
EndProject
Global
	GlobalSection(SolutionConfigurationPlatforms) = preSolution
		Debug|Any CPU = Debug|Any CPU
		Release|Any CPU = Release|Any CPU
	EndGlobalSection
	GlobalSection(ProjectConfigurationPlatforms) = postSolution
		{5A6A6EC3-BDE3-46A4-8A2A-6F8EEA6A2353}.Debug|Any CPU.ActiveCfg = Debug|Any CPU
		{5A6A6EC3-BDE3-46A4-8A2A-6F8EEA6A2353}.Debug|Any CPU.Build.0 = Debug|Any CPU
		{5A6A6EC3-BDE3-46A4-8A2A-6F8EEA6A2353}.Release|Any CPU.ActiveCfg = Release|Any CPU
		{5A6A6EC3-BDE3-46A4-8A2A-6F8EEA6A2353}.Release|Any CPU.Build.0 = Release|Any CPU
	EndGlobalSection
	GlobalSection(SolutionProperties) = preSolution
		HideSolutionNode = FALSE
	EndGlobalSection
	GlobalSection(ExtensibilityGlobals) = postSolution
		SolutionGuid = {4C7B237A-259C-4293-8393-CB65FE95656B}
	EndGlobalSection
EndGlobal
