
Microsoft Visual Studio Solution File, Format Version 12.00
# Visual Studio Version 16
VisualStudioVersion = 16.0.32901.82
MinimumVisualStudioVersion = 10.0.40219.1
Project("{FAE04EC0-301F-11D3-BF4B-00C04F79EFBC}") = "TALaba5", "TALaba5\TALaba5.csproj", "{44547AE9-8F6A-4E83-8C60-DE9125886A6C}"
EndProject
Global
	GlobalSection(SolutionConfigurationPlatforms) = preSolution
		Debug|Any CPU = Debug|Any CPU
		Release|Any CPU = Release|Any CPU
	EndGlobalSection
	GlobalSection(ProjectConfigurationPlatforms) = postSolution
		{44547AE9-8F6A-4E83-8C60-DE9125886A6C}.Debug|Any CPU.ActiveCfg = Debug|Any CPU
		{44547AE9-8F6A-4E83-8C60-DE9125886A6C}.Debug|Any CPU.Build.0 = Debug|Any CPU
		{44547AE9-8F6A-4E83-8C60-DE9125886A6C}.Release|Any CPU.ActiveCfg = Release|Any CPU
		{44547AE9-8F6A-4E83-8C60-DE9125886A6C}.Release|Any CPU.Build.0 = Release|Any CPU
	EndGlobalSection
	GlobalSection(SolutionProperties) = preSolution
		HideSolutionNode = FALSE
	EndGlobalSection
	GlobalSection(ExtensibilityGlobals) = postSolution
		SolutionGuid = {44AAD279-D773-49B1-9AC8-4526CF0AE801}
	EndGlobalSection
EndGlobal
