
Microsoft Visual Studio Solution File, Format Version 12.00
# Visual Studio Version 16
VisualStudioVersion = 16.0.33529.622
MinimumVisualStudioVersion = 10.0.40219.1
Project("{FAE04EC0-301F-11D3-BF4B-00C04F79EFBC}") = "ZILaba3", "ZILaba3\ZILaba3.csproj", "{3C5FA9D9-04A6-40B5-85F2-91A4E2EF8F6C}"
EndProject
Global
	GlobalSection(SolutionConfigurationPlatforms) = preSolution
		Debug|Any CPU = Debug|Any CPU
		Release|Any CPU = Release|Any CPU
	EndGlobalSection
	GlobalSection(ProjectConfigurationPlatforms) = postSolution
		{3C5FA9D9-04A6-40B5-85F2-91A4E2EF8F6C}.Debug|Any CPU.ActiveCfg = Debug|Any CPU
		{3C5FA9D9-04A6-40B5-85F2-91A4E2EF8F6C}.Debug|Any CPU.Build.0 = Debug|Any CPU
		{3C5FA9D9-04A6-40B5-85F2-91A4E2EF8F6C}.Release|Any CPU.ActiveCfg = Release|Any CPU
		{3C5FA9D9-04A6-40B5-85F2-91A4E2EF8F6C}.Release|Any CPU.Build.0 = Release|Any CPU
	EndGlobalSection
	GlobalSection(SolutionProperties) = preSolution
		HideSolutionNode = FALSE
	EndGlobalSection
	GlobalSection(ExtensibilityGlobals) = postSolution
		SolutionGuid = {C00667EB-0782-4944-9020-DB56C37D8B69}
	EndGlobalSection
EndGlobal
