
Microsoft Visual Studio Solution File, Format Version 12.00
# Visual Studio Version 16
VisualStudioVersion = 16.0.32901.82
MinimumVisualStudioVersion = 10.0.40219.1
Project("{FAE04EC0-301F-11D3-BF4B-00C04F79EFBC}") = "evrAlgLaba4", "evrAlgLaba4\evrAlgLaba4.csproj", "{4EF518F1-F135-46BB-BA9A-329C522952A6}"
EndProject
Global
	GlobalSection(SolutionConfigurationPlatforms) = preSolution
		Debug|Any CPU = Debug|Any CPU
		Release|Any CPU = Release|Any CPU
	EndGlobalSection
	GlobalSection(ProjectConfigurationPlatforms) = postSolution
		{4EF518F1-F135-46BB-BA9A-329C522952A6}.Debug|Any CPU.ActiveCfg = Debug|Any CPU
		{4EF518F1-F135-46BB-BA9A-329C522952A6}.Debug|Any CPU.Build.0 = Debug|Any CPU
		{4EF518F1-F135-46BB-BA9A-329C522952A6}.Release|Any CPU.ActiveCfg = Release|Any CPU
		{4EF518F1-F135-46BB-BA9A-329C522952A6}.Release|Any CPU.Build.0 = Release|Any CPU
	EndGlobalSection
	GlobalSection(SolutionProperties) = preSolution
		HideSolutionNode = FALSE
	EndGlobalSection
	GlobalSection(ExtensibilityGlobals) = postSolution
		SolutionGuid = {FBA56D4F-BE44-464B-B3AB-FC728B8AC83C}
	EndGlobalSection
EndGlobal
