
Microsoft Visual Studio Solution File, Format Version 12.00
# Visual Studio Version 16
VisualStudioVersion = 16.0.32901.82
MinimumVisualStudioVersion = 10.0.40219.1
Project("{FAE04EC0-301F-11D3-BF4B-00C04F79EFBC}") = "TALaba1", "TALaba1\TALaba1.csproj", "{7C591DBD-2407-4A90-A2CA-F1156AF5E5C4}"
EndProject
Global
	GlobalSection(SolutionConfigurationPlatforms) = preSolution
		Debug|Any CPU = Debug|Any CPU
		Release|Any CPU = Release|Any CPU
	EndGlobalSection
	GlobalSection(ProjectConfigurationPlatforms) = postSolution
		{7C591DBD-2407-4A90-A2CA-F1156AF5E5C4}.Debug|Any CPU.ActiveCfg = Debug|Any CPU
		{7C591DBD-2407-4A90-A2CA-F1156AF5E5C4}.Debug|Any CPU.Build.0 = Debug|Any CPU
		{7C591DBD-2407-4A90-A2CA-F1156AF5E5C4}.Release|Any CPU.ActiveCfg = Release|Any CPU
		{7C591DBD-2407-4A90-A2CA-F1156AF5E5C4}.Release|Any CPU.Build.0 = Release|Any CPU
	EndGlobalSection
	GlobalSection(SolutionProperties) = preSolution
		HideSolutionNode = FALSE
	EndGlobalSection
	GlobalSection(ExtensibilityGlobals) = postSolution
		SolutionGuid = {4EE1C1B4-C9E8-4296-B35C-A65F28A60E05}
	EndGlobalSection
EndGlobal
