
Microsoft Visual Studio Solution File, Format Version 12.00
# Visual Studio Version 16
VisualStudioVersion = 16.0.33529.622
MinimumVisualStudioVersion = 10.0.40219.1
Project("{FAE04EC0-301F-11D3-BF4B-00C04F79EFBC}") = "ZILaba5", "ZILaba5\ZILaba5.csproj", "{A547F5C3-3A91-4DC1-9F9F-9F85ECE1F151}"
EndProject
Global
	GlobalSection(SolutionConfigurationPlatforms) = preSolution
		Debug|Any CPU = Debug|Any CPU
		Release|Any CPU = Release|Any CPU
	EndGlobalSection
	GlobalSection(ProjectConfigurationPlatforms) = postSolution
		{A547F5C3-3A91-4DC1-9F9F-9F85ECE1F151}.Debug|Any CPU.ActiveCfg = Debug|Any CPU
		{A547F5C3-3A91-4DC1-9F9F-9F85ECE1F151}.Debug|Any CPU.Build.0 = Debug|Any CPU
		{A547F5C3-3A91-4DC1-9F9F-9F85ECE1F151}.Release|Any CPU.ActiveCfg = Release|Any CPU
		{A547F5C3-3A91-4DC1-9F9F-9F85ECE1F151}.Release|Any CPU.Build.0 = Release|Any CPU
	EndGlobalSection
	GlobalSection(SolutionProperties) = preSolution
		HideSolutionNode = FALSE
	EndGlobalSection
	GlobalSection(ExtensibilityGlobals) = postSolution
		SolutionGuid = {B091242A-6CDB-47DE-B107-5CD1671FA9D6}
	EndGlobalSection
EndGlobal
